// !$*UTF8*$!
{
	archiveVersion = 1;
	classes = {
	};
	objectVersion = 50;
	objects = {

/* Begin PBXBuildFile section */
		471EE0B3247FECBC008A89D6 /* AppDelegate.swift in Sources */ = {isa = PBXBuildFile; fileRef = 471EE0B2247FECBC008A89D6 /* AppDelegate.swift */; };
		471EE0B5247FECBC008A89D6 /* SceneDelegate.swift in Sources */ = {isa = PBXBuildFile; fileRef = 471EE0B4247FECBC008A89D6 /* SceneDelegate.swift */; };
		471EE0B7247FECBC008A89D6 /* ViewController.swift in Sources */ = {isa = PBXBuildFile; fileRef = 471EE0B6247FECBC008A89D6 /* ViewController.swift */; };
		471EE0BA247FECBC008A89D6 /* Main.storyboard in Resources */ = {isa = PBXBuildFile; fileRef = 471EE0B8247FECBC008A89D6 /* Main.storyboard */; };
		471EE0BC247FECBD008A89D6 /* Assets.xcassets in Resources */ = {isa = PBXBuildFile; fileRef = 471EE0BB247FECBD008A89D6 /* Assets.xcassets */; };
		471EE0BF247FECBD008A89D6 /* LaunchScreen.storyboard in Resources */ = {isa = PBXBuildFile; fileRef = 471EE0BD247FECBD008A89D6 /* LaunchScreen.storyboard */; };
		471EE0CA247FECBE008A89D6 /* Dynamic_FormTests.swift in Sources */ = {isa = PBXBuildFile; fileRef = 471EE0C9247FECBE008A89D6 /* Dynamic_FormTests.swift */; };
/* End PBXBuildFile section */

/* Begin PBXContainerItemProxy section */
		471EE0C6247FECBE008A89D6 /* PBXContainerItemProxy */ = {
			isa = PBXContainerItemProxy;
			containerPortal = 471EE0A7247FECBC008A89D6 /* Project object */;
			proxyType = 1;
			remoteGlobalIDString = 471EE0AE247FECBC008A89D6;
			remoteInfo = "Dynamic-Form";
		};
/* End PBXContainerItemProxy section */

/* Begin PBXFileReference section */
		471EE0AF247FECBC008A89D6 /* Dynamic-Form.app */ = {isa = PBXFileReference; explicitFileType = wrapper.application; includeInIndex = 0; path = "Dynamic-Form.app"; sourceTree = BUILT_PRODUCTS_DIR; };
		471EE0B2247FECBC008A89D6 /* AppDelegate.swift */ = {isa = PBXFileReference; lastKnownFileType = sourcecode.swift; path = AppDelegate.swift; sourceTree = "<group>"; };
		471EE0B4247FECBC008A89D6 /* SceneDelegate.swift */ = {isa = PBXFileReference; lastKnownFileType = sourcecode.swift; path = SceneDelegate.swift; sourceTree = "<group>"; };
		471EE0B6247FECBC008A89D6 /* ViewController.swift */ = {isa = PBXFileReference; lastKnownFileType = sourcecode.swift; path = ViewController.swift; sourceTree = "<group>"; };
		471EE0B9247FECBC008A89D6 /* Base */ = {isa = PBXFileReference; lastKnownFileType = file.storyboard; name = Base; path = Base.lproj/Main.storyboard; sourceTree = "<group>"; };
		471EE0BB247FECBD008A89D6 /* Assets.xcassets */ = {isa = PBXFileReference; lastKnownFileType = folder.assetcatalog; path = Assets.xcassets; sourceTree = "<group>"; };
		471EE0BE247FECBD008A89D6 /* Base */ = {isa = PBXFileReference; lastKnownFileType = file.storyboard; name = Base; path = Base.lproj/LaunchScreen.storyboard; sourceTree = "<group>"; };
		471EE0C0247FECBD008A89D6 /* Info.plist */ = {isa = PBXFileReference; lastKnownFileType = text.plist.xml; path = Info.plist; sourceTree = "<group>"; };
		471EE0C5247FECBE008A89D6 /* Dynamic-FormTests.xctest */ = {isa = PBXFileReference; explicitFileType = wrapper.cfbundle; includeInIndex = 0; path = "Dynamic-FormTests.xctest"; sourceTree = BUILT_PRODUCTS_DIR; };
		471EE0C9247FECBE008A89D6 /* Dynamic_FormTests.swift */ = {isa = PBXFileReference; lastKnownFileType = sourcecode.swift; path = Dynamic_FormTests.swift; sourceTree = "<group>"; };
		471EE0CB247FECBE008A89D6 /* Info.plist */ = {isa = PBXFileReference; lastKnownFileType = text.plist.xml; path = Info.plist; sourceTree = "<group>"; };
/* End PBXFileReference section */

/* Begin PBXFrameworksBuildPhase section */
		471EE0AC247FECBC008A89D6 /* Frameworks */ = {
			isa = PBXFrameworksBuildPhase;
			buildActionMask = 2147483647;
			files = (
			);
			runOnlyForDeploymentPostprocessing = 0;
		};
		471EE0C2247FECBE008A89D6 /* Frameworks */ = {
			isa = PBXFrameworksBuildPhase;
			buildActionMask = 2147483647;
			files = (
			);
			runOnlyForDeploymentPostprocessing = 0;
		};
/* End PBXFrameworksBuildPhase section */

/* Begin PBXGroup section */
		471EE0A6247FECBC008A89D6 = {
			isa = PBXGroup;
			children = (
				471EE0B1247FECBC008A89D6 /* Dynamic-Form */,
				471EE0C8247FECBE008A89D6 /* Dynamic-FormTests */,
				471EE0B0247FECBC008A89D6 /* Products */,
			);
			sourceTree = "<group>";
		};
		471EE0B0247FECBC008A89D6 /* Products */ = {
			isa = PBXGroup;
			children = (
				471EE0AF247FECBC008A89D6 /* Dynamic-Form.app */,
				471EE0C5247FECBE008A89D6 /* Dynamic-FormTests.xctest */,
			);
			name = Products;
			sourceTree = "<group>";
		};
		471EE0B1247FECBC008A89D6 /* Dynamic-Form */ = {
			isa = PBXGroup;
			children = (
				471EE0B2247FECBC008A89D6 /* AppDelegate.swift */,
				471EE0B4247FECBC008A89D6 /* SceneDelegate.swift */,
				471EE0B6247FECBC008A89D6 /* ViewController.swift */,
				471EE0B8247FECBC008A89D6 /* Main.storyboard */,
				471EE0BB247FECBD008A89D6 /* Assets.xcassets */,
				471EE0BD247FECBD008A89D6 /* LaunchScreen.storyboard */,
				471EE0C0247FECBD008A89D6 /* Info.plist */,
			);
			path = "Dynamic-Form";
			sourceTree = "<group>";
		};
		471EE0C8247FECBE008A89D6 /* Dynamic-FormTests */ = {
			isa = PBXGroup;
			children = (
				471EE0C9247FECBE008A89D6 /* Dynamic_FormTests.swift */,
				471EE0CB247FECBE008A89D6 /* Info.plist */,
			);
			path = "Dynamic-FormTests";
			sourceTree = "<group>";
		};
/* End PBXGroup section */

/* Begin PBXNativeTarget section */
		471EE0AE247FECBC008A89D6 /* Dynamic-Form */ = {
			isa = PBXNativeTarget;
			buildConfigurationList = 471EE0CE247FECBE008A89D6 /* Build configuration list for PBXNativeTarget "Dynamic-Form" */;
			buildPhases = (
				471EE0AB247FECBC008A89D6 /* Sources */,
				471EE0AC247FECBC008A89D6 /* Frameworks */,
				471EE0AD247FECBC008A89D6 /* Resources */,
			);
			buildRules = (
			);
			dependencies = (
			);
			name = "Dynamic-Form";
			productName = "Dynamic-Form";
			productReference = 471EE0AF247FECBC008A89D6 /* Dynamic-Form.app */;
			productType = "com.apple.product-type.application";
		};
		471EE0C4247FECBE008A89D6 /* Dynamic-FormTests */ = {
			isa = PBXNativeTarget;
			buildConfigurationList = 471EE0D1247FECBE008A89D6 /* Build configuration list for PBXNativeTarget "Dynamic-FormTests" */;
			buildPhases = (
				471EE0C1247FECBE008A89D6 /* Sources */,
				471EE0C2247FECBE008A89D6 /* Frameworks */,
				471EE0C3247FECBE008A89D6 /* Resources */,
			);
			buildRules = (
			);
			dependencies = (
				471EE0C7247FECBE008A89D6 /* PBXTargetDependency */,
			);
			name = "Dynamic-FormTests";
			productName = "Dynamic-FormTests";
			productReference = 471EE0C5247FECBE008A89D6 /* Dynamic-FormTests.xctest */;
			productType = "com.apple.product-type.bundle.unit-test";
		};
/* End PBXNativeTarget section */

/* Begin PBXProject section */
		471EE0A7247FECBC008A89D6 /* Project object */ = {
			isa = PBXProject;
			attributes = {
				LastSwiftUpdateCheck = 1130;
				LastUpgradeCheck = 1130;
				ORGANIZATIONNAME = "Henry Chukwu";
				TargetAttributes = {
					471EE0AE247FECBC008A89D6 = {
						CreatedOnToolsVersion = 11.3.1;
					};
					471EE0C4247FECBE008A89D6 = {
						CreatedOnToolsVersion = 11.3.1;
						TestTargetID = 471EE0AE247FECBC008A89D6;
					};
				};
			};
			buildConfigurationList = 471EE0AA247FECBC008A89D6 /* Build configuration list for PBXProject "Dynamic-Form" */;
			compatibilityVersion = "Xcode 9.3";
			developmentRegion = en;
			hasScannedForEncodings = 0;
			knownRegions = (
				en,
				Base,
			);
			mainGroup = 471EE0A6247FECBC008A89D6;
			productRefGroup = 471EE0B0247FECBC008A89D6 /* Products */;
			projectDirPath = "";
			projectRoot = "";
			targets = (
				471EE0AE247FECBC008A89D6 /* Dynamic-Form */,
				471EE0C4247FECBE008A89D6 /* Dynamic-FormTests */,
			);
		};
/* End PBXProject section */

/* Begin PBXResourcesBuildPhase section */
		471EE0AD247FECBC008A89D6 /* Resources */ = {
			isa = PBXResourcesBuildPhase;
			buildActionMask = 2147483647;
			files = (
				471EE0BF247FECBD008A89D6 /* LaunchScreen.storyboard in Resources */,
				471EE0BC247FECBD008A89D6 /* Assets.xcassets in Resources */,
				471EE0BA247FECBC008A89D6 /* Main.storyboard in Resources */,
			);
			runOnlyForDeploymentPostprocessing = 0;
		};
		471EE0C3247FECBE008A89D6 /* Resources */ = {
			isa = PBXResourcesBuildPhase;
			buildActionMask = 2147483647;
			files = (
			);
			runOnlyForDeploymentPostprocessing = 0;
		};
/* End PBXResourcesBuildPhase section */

/* Begin PBXSourcesBuildPhase section */
		471EE0AB247FECBC008A89D6 /* Sources */ = {
			isa = PBXSourcesBuildPhase;
			buildActionMask = 2147483647;
			files = (
				471EE0B7247FECBC008A89D6 /* ViewController.swift in Sources */,
				471EE0B3247FECBC008A89D6 /* AppDelegate.swift in Sources */,
				471EE0B5247FECBC008A89D6 /* SceneDelegate.swift in Sources */,
			);
			runOnlyForDeploymentPostprocessing = 0;
		};
		471EE0C1247FECBE008A89D6 /* Sources */ = {
			isa = PBXSourcesBuildPhase;
			buildActionMask = 2147483647;
			files = (
				471EE0CA247FECBE008A89D6 /* Dynamic_FormTests.swift in Sources */,
			);
			runOnlyForDeploymentPostprocessing = 0;
		};
/* End PBXSourcesBuildPhase section */

/* Begin PBXTargetDependency section */
		471EE0C7247FECBE008A89D6 /* PBXTargetDependency */ = {
			isa = PBXTargetDependency;
			target = 471EE0AE247FECBC008A89D6 /* Dynamic-Form */;
			targetProxy = 471EE0C6247FECBE008A89D6 /* PBXContainerItemProxy */;
		};
/* End PBXTargetDependency section */

/* Begin PBXVariantGroup section */
		471EE0B8247FECBC008A89D6 /* Main.storyboard */ = {
			isa = PBXVariantGroup;
			children = (
				471EE0B9247FECBC008A89D6 /* Base */,
			);
			name = Main.storyboard;
			sourceTree = "<group>";
		};
		471EE0BD247FECBD008A89D6 /* LaunchScreen.storyboard */ = {
			isa = PBXVariantGroup;
			children = (
				471EE0BE247FECBD008A89D6 /* Base */,
			);
			name = LaunchScreen.storyboard;
			sourceTree = "<group>";
		};
/* End PBXVariantGroup section */

/* Begin XCBuildConfiguration section */
		471EE0CC247FECBE008A89D6 /* Debug */ = {
			isa = XCBuildConfiguration;
			buildSettings = {
				ALWAYS_SEARCH_USER_PATHS = NO;
				CLANG_ANALYZER_NONNULL = YES;
				CLANG_ANALYZER_NUMBER_OBJECT_CONVERSION = YES_AGGRESSIVE;
				CLANG_CXX_LANGUAGE_STANDARD = "gnu++14";
				CLANG_CXX_LIBRARY = "libc++";
				CLANG_ENABLE_MODULES = YES;
				CLANG_ENABLE_OBJC_ARC = YES;
				CLANG_ENABLE_OBJC_WEAK = YES;
				CLANG_WARN_BLOCK_CAPTURE_AUTORELEASING = YES;
				CLANG_WARN_BOOL_CONVERSION = YES;
				CLANG_WARN_COMMA = YES;
				CLANG_WARN_CONSTANT_CONVERSION = YES;
				CLANG_WARN_DEPRECATED_OBJC_IMPLEMENTATIONS = YES;
				CLANG_WARN_DIRECT_OBJC_ISA_USAGE = YES_ERROR;
				CLANG_WARN_DOCUMENTATION_COMMENTS = YES;
				CLANG_WARN_EMPTY_BODY = YES;
				CLANG_WARN_ENUM_CONVERSION = YES;
				CLANG_WARN_INFINITE_RECURSION = YES;
				CLANG_WARN_INT_CONVERSION = YES;
				CLANG_WARN_NON_LITERAL_NULL_CONVERSION = YES;
				CLANG_WARN_OBJC_IMPLICIT_RETAIN_SELF = YES;
				CLANG_WARN_OBJC_LITERAL_CONVERSION = YES;
				CLANG_WARN_OBJC_ROOT_CLASS = YES_ERROR;
				CLANG_WARN_RANGE_LOOP_ANALYSIS = YES;
				CLANG_WARN_STRICT_PROTOTYPES = YES;
				CLANG_WARN_SUSPICIOUS_MOVE = YES;
				CLANG_WARN_UNGUARDED_AVAILABILITY = YES_AGGRESSIVE;
				CLANG_WARN_UNREACHABLE_CODE = YES;
				CLANG_WARN__DUPLICATE_METHOD_MATCH = YES;
				COPY_PHASE_STRIP = NO;
				DEBUG_INFORMATION_FORMAT = dwarf;
				ENABLE_STRICT_OBJC_MSGSEND = YES;
				ENABLE_TESTABILITY = YES;
				GCC_C_LANGUAGE_STANDARD = gnu11;
				GCC_DYNAMIC_NO_PIC = NO;
				GCC_NO_COMMON_BLOCKS = YES;
				GCC_OPTIMIZATION_LEVEL = 0;
				GCC_PREPROCESSOR_DEFINITIONS = (
					"DEBUG=1",
					"$(inherited)",
				);
				GCC_WARN_64_TO_32_BIT_CONVERSION = YES;
				GCC_WARN_ABOUT_RETURN_TYPE = YES_ERROR;
				GCC_WARN_UNDECLARED_SELECTOR = YES;
				GCC_WARN_UNINITIALIZED_AUTOS = YES_AGGRESSIVE;
				GCC_WARN_UNUSED_FUNCTION = YES;
				GCC_WARN_UNUSED_VARIABLE = YES;
				IPHONEOS_DEPLOYMENT_TARGET = 13.2;
				MTL_ENABLE_DEBUG_INFO = INCLUDE_SOURCE;
				MTL_FAST_MATH = YES;
				ONLY_ACTIVE_ARCH = YES;
				SDKROOT = iphoneos;
				SWIFT_ACTIVE_COMPILATION_CONDITIONS = DEBUG;
				SWIFT_OPTIMIZATION_LEVEL = "-Onone";
			};
			name = Debug;
		};
		471EE0CD247FECBE008A89D6 /* Release */ = {
			isa = XCBuildConfiguration;
			buildSettings = {
				ALWAYS_SEARCH_USER_PATHS = NO;
				CLANG_ANALYZER_NONNULL = YES;
				CLANG_ANALYZER_NUMBER_OBJECT_CONVERSION = YES_AGGRESSIVE;
				CLANG_CXX_LANGUAGE_STANDARD = "gnu++14";
				CLANG_CXX_LIBRARY = "libc++";
				CLANG_ENABLE_MODULES = YES;
				CLANG_ENABLE_OBJC_ARC = YES;
				CLANG_ENABLE_OBJC_WEAK = YES;
				CLANG_WARN_BLOCK_CAPTURE_AUTORELEASING = YES;
				CLANG_WARN_BOOL_CONVERSION = YES;
				CLANG_WARN_COMMA = YES;
				CLANG_WARN_CONSTANT_CONVERSION = YES;
				CLANG_WARN_DEPRECATED_OBJC_IMPLEMENTATIONS = YES;
				CLANG_WARN_DIRECT_OBJC_ISA_USAGE = YES_ERROR;
				CLANG_WARN_DOCUMENTATION_COMMENTS = YES;
				CLANG_WARN_EMPTY_BODY = YES;
				CLANG_WARN_ENUM_CONVERSION = YES;
				CLANG_WARN_INFINITE_RECURSION = YES;
				CLANG_WARN_INT_CONVERSION = YES;
				CLANG_WARN_NON_LITERAL_NULL_CONVERSION = YES;
				CLANG_WARN_OBJC_IMPLICIT_RETAIN_SELF = YES;
				CLANG_WARN_OBJC_LITERAL_CONVERSION = YES;
				CLANG_WARN_OBJC_ROOT_CLASS = YES_ERROR;
				CLANG_WARN_RANGE_LOOP_ANALYSIS = YES;
				CLANG_WARN_STRICT_PROTOTYPES = YES;
				CLANG_WARN_SUSPICIOUS_MOVE = YES;
				CLANG_WARN_UNGUARDED_AVAILABILITY = YES_AGGRESSIVE;
				CLANG_WARN_UNREACHABLE_CODE = YES;
				CLANG_WARN__DUPLICATE_METHOD_MATCH = YES;
				COPY_PHASE_STRIP = NO;
				DEBUG_INFORMATION_FORMAT = "dwarf-with-dsym";
				ENABLE_NS_ASSERTIONS = NO;
				ENABLE_STRICT_OBJC_MSGSEND = YES;
				GCC_C_LANGUAGE_STANDARD = gnu11;
				GCC_NO_COMMON_BLOCKS = YES;
				GCC_WARN_64_TO_32_BIT_CONVERSION = YES;
				GCC_WARN_ABOUT_RETURN_TYPE = YES_ERROR;
				GCC_WARN_UNDECLARED_SELECTOR = YES;
				GCC_WARN_UNINITIALIZED_AUTOS = YES_AGGRESSIVE;
				GCC_WARN_UNUSED_FUNCTION = YES;
				GCC_WARN_UNUSED_VARIABLE = YES;
				IPHONEOS_DEPLOYMENT_TARGET = 13.2;
				MTL_ENABLE_DEBUG_INFO = NO;
				MTL_FAST_MATH = YES;
				SDKROOT = iphoneos;
				SWIFT_COMPILATION_MODE = wholemodule;
				SWIFT_OPTIMIZATION_LEVEL = "-O";
				VALIDATE_PRODUCT = YES;
			};
			name = Release;
		};
		471EE0CF247FECBE008A89D6 /* Debug */ = {
			isa = XCBuildConfiguration;
			buildSettings = {
				ASSETCATALOG_COMPILER_APPICON_NAME = AppIcon;
				CODE_SIGN_STYLE = Automatic;
				DEVELOPMENT_TEAM = JPNBUYVTC7;
				INFOPLIST_FILE = "Dynamic-Form/Info.plist";
				LD_RUNPATH_SEARCH_PATHS = (
					"$(inherited)",
					"@executable_path/Frameworks",
				);
				PRODUCT_BUNDLE_IDENTIFIER = "henry.Dynamic-Form";
				PRODUCT_NAME = "$(TARGET_NAME)";
				SWIFT_VERSION = 5.0;
				TARGETED_DEVICE_FAMILY = "1,2";
			};
			name = Debug;
		};
		471EE0D0247FECBE008A89D6 /* Release */ = {
			isa = XCBuildConfiguration;
			buildSettings = {
				ASSETCATALOG_COMPILER_APPICON_NAME = AppIcon;
				CODE_SIGN_STYLE = Automatic;
				DEVELOPMENT_TEAM = JPNBUYVTC7;
				INFOPLIST_FILE = "Dynamic-Form/Info.plist";
				LD_RUNPATH_SEARCH_PATHS = (
					"$(inherited)",
					"@executable_path/Frameworks",
				);
				PRODUCT_BUNDLE_IDENTIFIER = "henry.Dynamic-Form";
				PRODUCT_NAME = "$(TARGET_NAME)";
				SWIFT_VERSION = 5.0;
				TARGETED_DEVICE_FAMILY = "1,2";
			};
			name = Release;
		};
		471EE0D2247FECBE008A89D6 /* Debug */ = {
			isa = XCBuildConfiguration;
			buildSettings = {
				ALWAYS_EMBED_SWIFT_STANDARD_LIBRARIES = YES;
				BUNDLE_LOADER = "$(TEST_HOST)";
				CODE_SIGN_STYLE = Automatic;
				DEVELOPMENT_TEAM = JPNBUYVTC7;
				INFOPLIST_FILE = "Dynamic-FormTests/Info.plist";
				IPHONEOS_DEPLOYMENT_TARGET = 13.2;
				LD_RUNPATH_SEARCH_PATHS = (
					"$(inherited)",
					"@executable_path/Frameworks",
					"@loader_path/Frameworks",
				);
				PRODUCT_BUNDLE_IDENTIFIER = "henry.Dynamic-FormTests";
				PRODUCT_NAME = "$(TARGET_NAME)";
				SWIFT_VERSION = 5.0;
				TARGETED_DEVICE_FAMILY = "1,2";
				TEST_HOST = "$(BUILT_PRODUCTS_DIR)/Dynamic-Form.app/Dynamic-Form";
			};
			name = Debug;
		};
		471EE0D3247FECBE008A89D6 /* Release */ = {
			isa = XCBuildConfiguration;
			buildSettings = {
				ALWAYS_EMBED_SWIFT_STANDARD_LIBRARIES = YES;
				BUNDLE_LOADER = "$(TEST_HOST)";
				CODE_SIGN_STYLE = Automatic;
				DEVELOPMENT_TEAM = JPNBUYVTC7;
				INFOPLIST_FILE = "Dynamic-FormTests/Info.plist";
				IPHONEOS_DEPLOYMENT_TARGET = 13.2;
				LD_RUNPATH_SEARCH_PATHS = (
					"$(inherited)",
					"@executable_path/Frameworks",
					"@loader_path/Frameworks",
				);
				PRODUCT_BUNDLE_IDENTIFIER = "henry.Dynamic-FormTests";
				PRODUCT_NAME = "$(TARGET_NAME)";
				SWIFT_VERSION = 5.0;
				TARGETED_DEVICE_FAMILY = "1,2";
				TEST_HOST = "$(BUILT_PRODUCTS_DIR)/Dynamic-Form.app/Dynamic-Form";
			};
			name = Release;
		};
/* End XCBuildConfiguration section */

/* Begin XCConfigurationList section */
		471EE0AA247FECBC008A89D6 /* Build configuration list for PBXProject "Dynamic-Form" */ = {
			isa = XCConfigurationList;
			buildConfigurations = (
				471EE0CC247FECBE008A89D6 /* Debug */,
				471EE0CD247FECBE008A89D6 /* Release */,
			);
			defaultConfigurationIsVisible = 0;
			defaultConfigurationName = Release;
		};
		471EE0CE247FECBE008A89D6 /* Build configuration list for PBXNativeTarget "Dynamic-Form" */ = {
			isa = XCConfigurationList;
			buildConfigurations = (
				471EE0CF247FECBE008A89D6 /* Debug */,
				471EE0D0247FECBE008A89D6 /* Release */,
			);
			defaultConfigurationIsVisible = 0;
			defaultConfigurationName = Release;
		};
		471EE0D1247FECBE008A89D6 /* Build configuration list for PBXNativeTarget "Dynamic-FormTests" */ = {
			isa = XCConfigurationList;
			buildConfigurations = (
				471EE0D2247FECBE008A89D6 /* Debug */,
				471EE0D3247FECBE008A89D6 /* Release */,
			);
			defaultConfigurationIsVisible = 0;
			defaultConfigurationName = Release;
		};
/* End XCConfigurationList section */
	};
	rootObject = 471EE0A7247FECBC008A89D6 /* Project object */;
}
